
Microsoft Visual Studio Solution File, Format Version 12.00
# Visual Studio Version 16
VisualStudioVersion = 16.0.31229.75
MinimumVisualStudioVersion = 10.0.40219.1
Project("{9A19103F-16F7-4668-BE54-9A1E7A4F7556}") = "ShopBridge.Api", "ShopBridge.Api\ShopBridge.Api.csproj", "{8D8BB4BA-B889-4416-8880-F3252D1E2104}"
EndProject
Project("{2150E333-8FDC-42A3-9474-1A3956D46DE8}") = "Libraries", "Libraries", "{3FC5EC00-98CF-4B5A-A491-815835259AEE}"
EndProject
Project("{9A19103F-16F7-4668-BE54-9A1E7A4F7556}") = "ShopBridge.Core", "ShopBridge.Core\ShopBridge.Core.csproj", "{08002C1C-CAD2-4974-997C-FE39360E6492}"
EndProject
Project("{9A19103F-16F7-4668-BE54-9A1E7A4F7556}") = "ShopBridge.Data", "ShopBridge.Data\ShopBridge.Data.csproj", "{152E8981-9203-41CA-9841-C94A5C5F2FDD}"
EndProject
Project("{9A19103F-16F7-4668-BE54-9A1E7A4F7556}") = "ShopBridge.Services", "ShopBridge.Services\ShopBridge.Services.csproj", "{4F8C3CDA-63B3-49F5-89B4-6F97DC7753E2}"
EndProject
Global
	GlobalSection(SolutionConfigurationPlatforms) = preSolution
		Debug|Any CPU = Debug|Any CPU
		Release|Any CPU = Release|Any CPU
	EndGlobalSection
	GlobalSection(ProjectConfigurationPlatforms) = postSolution
		{8D8BB4BA-B889-4416-8880-F3252D1E2104}.Debug|Any CPU.ActiveCfg = Debug|Any CPU
		{8D8BB4BA-B889-4416-8880-F3252D1E2104}.Debug|Any CPU.Build.0 = Debug|Any CPU
		{8D8BB4BA-B889-4416-8880-F3252D1E2104}.Release|Any CPU.ActiveCfg = Release|Any CPU
		{8D8BB4BA-B889-4416-8880-F3252D1E2104}.Release|Any CPU.Build.0 = Release|Any CPU
		{08002C1C-CAD2-4974-997C-FE39360E6492}.Debug|Any CPU.ActiveCfg = Debug|Any CPU
		{08002C1C-CAD2-4974-997C-FE39360E6492}.Debug|Any CPU.Build.0 = Debug|Any CPU
		{08002C1C-CAD2-4974-997C-FE39360E6492}.Release|Any CPU.ActiveCfg = Release|Any CPU
		{08002C1C-CAD2-4974-997C-FE39360E6492}.Release|Any CPU.Build.0 = Release|Any CPU
		{152E8981-9203-41CA-9841-C94A5C5F2FDD}.Debug|Any CPU.ActiveCfg = Debug|Any CPU
		{152E8981-9203-41CA-9841-C94A5C5F2FDD}.Debug|Any CPU.Build.0 = Debug|Any CPU
		{152E8981-9203-41CA-9841-C94A5C5F2FDD}.Release|Any CPU.ActiveCfg = Release|Any CPU
		{152E8981-9203-41CA-9841-C94A5C5F2FDD}.Release|Any CPU.Build.0 = Release|Any CPU
		{4F8C3CDA-63B3-49F5-89B4-6F97DC7753E2}.Debug|Any CPU.ActiveCfg = Debug|Any CPU
		{4F8C3CDA-63B3-49F5-89B4-6F97DC7753E2}.Debug|Any CPU.Build.0 = Debug|Any CPU
		{4F8C3CDA-63B3-49F5-89B4-6F97DC7753E2}.Release|Any CPU.ActiveCfg = Release|Any CPU
		{4F8C3CDA-63B3-49F5-89B4-6F97DC7753E2}.Release|Any CPU.Build.0 = Release|Any CPU
	EndGlobalSection
	GlobalSection(SolutionProperties) = preSolution
		HideSolutionNode = FALSE
	EndGlobalSection
	GlobalSection(NestedProjects) = preSolution
		{08002C1C-CAD2-4974-997C-FE39360E6492} = {3FC5EC00-98CF-4B5A-A491-815835259AEE}
		{152E8981-9203-41CA-9841-C94A5C5F2FDD} = {3FC5EC00-98CF-4B5A-A491-815835259AEE}
		{4F8C3CDA-63B3-49F5-89B4-6F97DC7753E2} = {3FC5EC00-98CF-4B5A-A491-815835259AEE}
	EndGlobalSection
	GlobalSection(ExtensibilityGlobals) = postSolution
		SolutionGuid = {E6964FBE-194F-49ED-883D-E48614D221F8}
	EndGlobalSection
EndGlobal
